#MicroXplorer Configuration settings - do not modify
ADC1.Channel-0\#ChannelRegularConversion=ADC_CHANNEL_0
ADC1.Channel-1\#ChannelRegularConversion=ADC_CHANNEL_9
ADC1.Channel-2\#ChannelRegularConversion=ADC_CHANNEL_11
ADC1.ContinuousConvMode=DISABLE
ADC1.DMAContinuousRequests=ENABLE
ADC1.DiscontinuousConvMode=DISABLE
ADC1.EOCSelection=ADC_EOC_SEQ_CONV
ADC1.ExternalTrigConv=ADC_EXTERNALTRIG_T15_TRGO
ADC1.IPParameters=Rank-0\#ChannelRegularConversion,Channel-0\#ChannelRegularConversion,SamplingTime-0\#ChannelRegularConversion,NbrOfConversionFlag,master,SelectedChannel,ContinuousConvMode,DiscontinuousConvMode,DMAContinuousRequests,EOCSelection,OversamplingMode,Ratio,Rank-1\#ChannelRegularConversion,Channel-1\#ChannelRegularConversion,SamplingTime-1\#ChannelRegularConversion,Rank-2\#ChannelRegularConversion,Channel-2\#ChannelRegularConversion,SamplingTime-2\#ChannelRegularConversion,NbrOfConversion,SamplingTimeCommon1,ExternalTrigConv
ADC1.NbrOfConversion=3
ADC1.NbrOfConversionFlag=1
ADC1.OversamplingMode=ENABLE
ADC1.Rank-0\#ChannelRegularConversion=1
ADC1.Rank-1\#ChannelRegularConversion=2
ADC1.Rank-2\#ChannelRegularConversion=3
ADC1.Ratio=ADC_OVERSAMPLING_RATIO_16
ADC1.SamplingTime-0\#ChannelRegularConversion=ADC_SAMPLINGTIME_COMMON_1
ADC1.SamplingTime-1\#ChannelRegularConversion=ADC_SAMPLINGTIME_COMMON_2
ADC1.SamplingTime-2\#ChannelRegularConversion=ADC_SAMPLINGTIME_COMMON_2
ADC1.SamplingTimeCommon1=ADC_SAMPLETIME_12CYCLES_5
ADC1.SelectedChannel=ADC_CHANNEL_0|ADC_CHANNEL_9|ADC_CHANNEL_11
ADC1.master=1
CAD.formats=
CAD.pinconfig=
CAD.provider=
Dma.ADC1.0.Direction=DMA_PERIPH_TO_MEMORY
Dma.ADC1.0.EventEnable=DISABLE
Dma.ADC1.0.Instance=DMA1_Channel3
Dma.ADC1.0.MemDataAlignment=DMA_MDATAALIGN_HALFWORD
Dma.ADC1.0.MemInc=DMA_MINC_ENABLE
Dma.ADC1.0.Mode=DMA_CIRCULAR
Dma.ADC1.0.PeriphDataAlignment=DMA_PDATAALIGN_HALFWORD
Dma.ADC1.0.PeriphInc=DMA_PINC_DISABLE
Dma.ADC1.0.Polarity=HAL_DMAMUX_REQ_GEN_RISING
Dma.ADC1.0.Priority=DMA_PRIORITY_LOW
Dma.ADC1.0.RequestNumber=1
Dma.ADC1.0.RequestParameters=Instance,Direction,PeriphInc,MemInc,PeriphDataAlignment,MemDataAlignment,Mode,Priority,SignalID,Polarity,RequestNumber,SyncSignalID,SyncPolarity,SyncEnable,EventEnable,SyncRequestNumber
Dma.ADC1.0.SignalID=NONE
Dma.ADC1.0.SyncEnable=DISABLE
Dma.ADC1.0.SyncPolarity=HAL_DMAMUX_SYNC_NO_EVENT
Dma.ADC1.0.SyncRequestNumber=1
Dma.ADC1.0.SyncSignalID=NONE
Dma.Request0=ADC1
Dma.Request1=USART1_RX
Dma.Request2=USART2_TX
Dma.Request3=USART3_TX
Dma.RequestsNb=4
Dma.USART1_RX.1.Direction=DMA_PERIPH_TO_MEMORY
Dma.USART1_RX.1.EventEnable=DISABLE
Dma.USART1_RX.1.Instance=DMA1_Channel1
Dma.USART1_RX.1.MemDataAlignment=DMA_MDATAALIGN_BYTE
Dma.USART1_RX.1.MemInc=DMA_MINC_ENABLE
Dma.USART1_RX.1.Mode=DMA_CIRCULAR
Dma.USART1_RX.1.PeriphDataAlignment=DMA_PDATAALIGN_BYTE
Dma.USART1_RX.1.PeriphInc=DMA_PINC_DISABLE
Dma.USART1_RX.1.Polarity=HAL_DMAMUX_REQ_GEN_RISING
Dma.USART1_RX.1.Priority=DMA_PRIORITY_LOW
Dma.USART1_RX.1.RequestNumber=1
Dma.USART1_RX.1.RequestParameters=Instance,Direction,PeriphInc,MemInc,PeriphDataAlignment,MemDataAlignment,Mode,Priority,SignalID,Polarity,RequestNumber,SyncSignalID,SyncPolarity,SyncEnable,EventEnable,SyncRequestNumber
Dma.USART1_RX.1.SignalID=NONE
Dma.USART1_RX.1.SyncEnable=DISABLE
Dma.USART1_RX.1.SyncPolarity=HAL_DMAMUX_SYNC_NO_EVENT
Dma.USART1_RX.1.SyncRequestNumber=1
Dma.USART1_RX.1.SyncSignalID=NONE
Dma.USART2_TX.2.Direction=DMA_MEMORY_TO_PERIPH
Dma.USART2_TX.2.EventEnable=DISABLE
Dma.USART2_TX.2.Instance=DMA1_Channel2
Dma.USART2_TX.2.MemDataAlignment=DMA_MDATAALIGN_BYTE
Dma.USART2_TX.2.MemInc=DMA_MINC_ENABLE
Dma.USART2_TX.2.Mode=DMA_NORMAL
Dma.USART2_TX.2.PeriphDataAlignment=DMA_PDATAALIGN_BYTE
Dma.USART2_TX.2.PeriphInc=DMA_PINC_DISABLE
Dma.USART2_TX.2.Polarity=HAL_DMAMUX_REQ_GEN_RISING
Dma.USART2_TX.2.Priority=DMA_PRIORITY_LOW
Dma.USART2_TX.2.RequestNumber=1
Dma.USART2_TX.2.RequestParameters=Instance,Direction,PeriphInc,MemInc,PeriphDataAlignment,MemDataAlignment,Mode,Priority,SignalID,Polarity,RequestNumber,SyncSignalID,SyncPolarity,SyncEnable,EventEnable,SyncRequestNumber
Dma.USART2_TX.2.SignalID=NONE
Dma.USART2_TX.2.SyncEnable=DISABLE
Dma.USART2_TX.2.SyncPolarity=HAL_DMAMUX_SYNC_NO_EVENT
Dma.USART2_TX.2.SyncRequestNumber=1
Dma.USART2_TX.2.SyncSignalID=NONE
Dma.USART3_TX.3.Direction=DMA_MEMORY_TO_PERIPH
Dma.USART3_TX.3.EventEnable=DISABLE
Dma.USART3_TX.3.Instance=DMA1_Channel4
Dma.USART3_TX.3.MemDataAlignment=DMA_MDATAALIGN_BYTE
Dma.USART3_TX.3.MemInc=DMA_MINC_ENABLE
Dma.USART3_TX.3.Mode=DMA_NORMAL
Dma.USART3_TX.3.PeriphDataAlignment=DMA_PDATAALIGN_BYTE
Dma.USART3_TX.3.PeriphInc=DMA_PINC_DISABLE
Dma.USART3_TX.3.Polarity=HAL_DMAMUX_REQ_GEN_RISING
Dma.USART3_TX.3.Priority=DMA_PRIORITY_LOW
Dma.USART3_TX.3.RequestNumber=1
Dma.USART3_TX.3.RequestParameters=Instance,Direction,PeriphInc,MemInc,PeriphDataAlignment,MemDataAlignment,Mode,Priority,SignalID,Polarity,RequestNumber,SyncSignalID,SyncPolarity,SyncEnable,EventEnable,SyncRequestNumber
Dma.USART3_TX.3.SignalID=NONE
Dma.USART3_TX.3.SyncEnable=DISABLE
Dma.USART3_TX.3.SyncPolarity=HAL_DMAMUX_SYNC_NO_EVENT
Dma.USART3_TX.3.SyncRequestNumber=1
Dma.USART3_TX.3.SyncSignalID=NONE
FREERTOS.IPParameters=Tasks01,configTOTAL_HEAP_SIZE,configGENERATE_RUN_TIME_STATS,configUSE_TRACE_FACILITY,configUSE_STATS_FORMATTING_FUNCTIONS,configUSE_TIMERS
FREERTOS.Tasks01=defaultTask,0,128,StartDefaultTask,Default,NULL,Dynamic,NULL,NULL
FREERTOS.configGENERATE_RUN_TIME_STATS=1
FREERTOS.configTOTAL_HEAP_SIZE=25000
FREERTOS.configUSE_STATS_FORMATTING_FUNCTIONS=1
FREERTOS.configUSE_TIMERS=1
FREERTOS.configUSE_TRACE_FACILITY=1
File.Version=6
GPIO.groupedBy=Group By Peripherals
KeepUserPlacement=false
Mcu.CPN=STM32G070RBT6
Mcu.Family=STM32G0
Mcu.IP0=ADC1
Mcu.IP1=DMA
Mcu.IP10=TIM14
Mcu.IP11=TIM15
Mcu.IP12=TIM16
Mcu.IP13=TIM17
Mcu.IP14=USART1
Mcu.IP15=USART2
Mcu.IP16=USART3
Mcu.IP2=FREERTOS
Mcu.IP3=NVIC
Mcu.IP4=RCC
Mcu.IP5=SPI1
Mcu.IP6=SYS
Mcu.IP7=TIM1
Mcu.IP8=TIM3
Mcu.IP9=TIM7
Mcu.IPNb=17
Mcu.Name=STM32G070RBTx
Mcu.Package=LQFP64
Mcu.Pin0=PC11
Mcu.Pin1=PC12
Mcu.Pin10=PA2
Mcu.Pin11=PA3
Mcu.Pin12=PA5
Mcu.Pin13=PA6
Mcu.Pin14=PA7
Mcu.Pin15=PC4
Mcu.Pin16=PC5
Mcu.Pin17=PB1
Mcu.Pin18=PB10
Mcu.Pin19=PB14
Mcu.Pin2=PC13
Mcu.Pin20=PB15
Mcu.Pin21=PA8
Mcu.Pin22=PA9
Mcu.Pin23=PC6
Mcu.Pin24=PC7
Mcu.Pin25=PA13
Mcu.Pin26=PA14-BOOT0
Mcu.Pin27=PD0
Mcu.Pin28=PD1
Mcu.Pin29=PD3
Mcu.Pin3=PC14-OSC32_IN (PC14)
Mcu.Pin30=PD4
Mcu.Pin31=PD5
Mcu.Pin32=PD6
Mcu.Pin33=PB3
Mcu.Pin34=PB4
Mcu.Pin35=PB6
Mcu.Pin36=PB7
Mcu.Pin37=PB8
Mcu.Pin38=PB9
Mcu.Pin39=PC10
Mcu.Pin4=PF0-OSC_IN (PF0)
Mcu.Pin40=VP_FREERTOS_VS_CMSIS_V1
Mcu.Pin41=VP_SYS_VS_tim6
Mcu.Pin42=VP_TIM7_VS_ClockSourceINT
Mcu.Pin43=VP_TIM14_VS_ClockSourceINT
Mcu.Pin44=VP_TIM15_VS_ClockSourceINT
Mcu.Pin45=VP_TIM16_VS_ClockSourceINT
Mcu.Pin46=VP_TIM17_VS_ClockSourceINT
Mcu.Pin5=PF1-OSC_OUT (PF1)
Mcu.Pin6=PC0
Mcu.Pin7=PC1
Mcu.Pin8=PC2
Mcu.Pin9=PA0
Mcu.PinsNb=47
Mcu.ThirdPartyNb=0
Mcu.UserConstants=
Mcu.UserName=STM32G070RBTx
MxCube.Version=6.9.1
MxDb.Version=DB.6.0.91
NVIC.DMA1_Ch4_7_DMAMUX1_OVR_IRQn=true\:3\:0\:false\:false\:true\:true\:false\:true\:true
NVIC.DMA1_Channel1_IRQn=true\:3\:0\:false\:false\:true\:true\:false\:true\:true
NVIC.DMA1_Channel2_3_IRQn=true\:3\:0\:false\:false\:true\:true\:false\:true\:true
NVIC.EXTI0_1_IRQn=true\:3\:0\:false\:false\:true\:true\:true\:true\:true
NVIC.EXTI2_3_IRQn=true\:3\:0\:false\:false\:true\:true\:true\:true\:true
NVIC.EXTI4_15_IRQn=true\:3\:0\:false\:false\:true\:true\:true\:true\:true
NVIC.ForceEnableDMAVector=true
NVIC.HardFault_IRQn=true\:0\:0\:false\:false\:true\:false\:false\:false\:false
NVIC.NonMaskableInt_IRQn=true\:0\:0\:false\:false\:true\:false\:false\:false\:false
NVIC.PendSV_IRQn=true\:3\:0\:false\:false\:false\:true\:false\:false\:false
NVIC.SVC_IRQn=true\:0\:0\:false\:false\:false\:false\:false\:false\:true
NVIC.SavedPendsvIrqHandlerGenerated=true
NVIC.SavedSvcallIrqHandlerGenerated=true
NVIC.SavedSystickIrqHandlerGenerated=true
NVIC.SysTick_IRQn=true\:3\:0\:false\:false\:false\:true\:false\:true\:false
NVIC.TIM15_IRQn=true\:3\:0\:false\:false\:true\:true\:true\:true\:true
NVIC.TIM6_IRQn=true\:3\:0\:false\:false\:true\:false\:false\:true\:true
NVIC.TIM7_IRQn=true\:3\:0\:false\:false\:true\:true\:true\:true\:true
NVIC.TimeBase=TIM6_IRQn
NVIC.TimeBaseIP=TIM6
NVIC.USART1_IRQn=true\:3\:0\:false\:false\:true\:true\:true\:true\:true
NVIC.USART2_IRQn=true\:3\:0\:false\:false\:true\:true\:true\:true\:true
NVIC.USART3_4_IRQn=true\:3\:0\:false\:false\:true\:true\:true\:true\:true
PA0.GPIOParameters=GPIO_Label
PA0.GPIO_Label=BAT_ADC
PA0.Locked=true
PA0.Mode=IN0
PA0.Signal=ADC1_IN0
PA13.Mode=Serial_Wire
PA13.Signal=SYS_SWDIO
PA14-BOOT0.Locked=true
PA14-BOOT0.Mode=Serial_Wire
PA14-BOOT0.Signal=SYS_SWCLK
PA2.GPIOParameters=GPIO_Label
PA2.GPIO_Label=ST_LINK_TX
PA2.Locked=true
PA2.Mode=Asynchronous
PA2.Signal=USART2_TX
PA3.GPIOParameters=GPIO_Label
PA3.GPIO_Label=ST_LINK_RX
PA3.Locked=true
PA3.Mode=Asynchronous
PA3.Signal=USART2_RX
PA5.GPIOParameters=GPIO_Label
PA5.GPIO_Label=BT_TX
PA5.Locked=true
PA5.Mode=Asynchronous
PA5.Signal=USART3_TX
PA6.GPIOParameters=GPIO_Label
PA6.GPIO_Label=R_ENCODE_B
PA6.Locked=true
PA6.Signal=S_TIM3_CH1
PA7.GPIOParameters=GPIO_Label
PA7.GPIO_Label=R_ENCODE_A
PA7.Locked=true
PA7.Signal=S_TIM3_CH2
PA8.GPIOParameters=GPIO_Label
PA8.GPIO_Label=L_ENCODE_B
PA8.Locked=true
PA8.Signal=S_TIM1_CH1
PA9.GPIOParameters=GPIO_Label
PA9.GPIO_Label=L_ENCODE_A
PA9.Locked=true
PA9.Signal=S_TIM1_CH2
PB1.GPIOParameters=GPIO_Label
PB1.GPIO_Label=I_READ_R
PB1.Locked=true
PB1.Mode=IN9
PB1.Signal=ADC1_IN9
PB10.GPIOParameters=GPIO_Label
PB10.GPIO_Label=I_READ_L
PB10.Locked=true
PB10.Mode=IN11
PB10.Signal=ADC1_IN11
PB14.GPIOParameters=GPIO_Label
PB14.GPIO_Label=L_FORWARD
PB14.Locked=true
PB14.Signal=S_TIM15_CH1
PB15.GPIOParameters=GPIO_Label
PB15.GPIO_Label=LIDAR_SPEED
PB15.Locked=true
PB15.Signal=S_TIM15_CH2
PB3.GPIOParameters=GPIO_Label
PB3.GPIO_Label=IMU_SPI_CLK
PB3.Locked=true
PB3.Mode=Full_Duplex_Master
PB3.Signal=SPI1_SCK
PB4.GPIOParameters=GPIO_Label
PB4.GPIO_Label=IMU_SPI_CS
PB4.Locked=true
PB4.Signal=GPIO_Output
PB6.GPIOParameters=GPIO_Label
PB6.GPIO_Label=USER_LED0
PB6.Locked=true
PB6.Signal=GPIO_Output
PB7.GPIOParameters=GPIO_Label
PB7.GPIO_Label=USER_LED1
PB7.Locked=true
PB7.Signal=GPIO_Output
PB8.GPIOParameters=GPIO_Label
PB8.GPIO_Label=USER_LED2
PB8.Locked=true
PB8.Signal=GPIO_Output
PB9.GPIOParameters=GPIO_Label
PB9.GPIO_Label=USER_LED3
PB9.Locked=true
PB9.Signal=GPIO_Output
PC0.GPIOParameters=GPIO_PuPd,GPIO_Label,GPIO_ModeDefaultEXTI
PC0.GPIO_Label=BUMP_EXTI
PC0.GPIO_ModeDefaultEXTI=GPIO_MODE_IT_RISING_FALLING
PC0.GPIO_PuPd=GPIO_PULLDOWN
PC0.Locked=true
PC0.Signal=GPXTI0
PC1.GPIOParameters=GPIO_PuPd,GPIO_Label,GPIO_ModeDefaultEXTI
PC1.GPIO_Label=FBD_EXTI
PC1.GPIO_ModeDefaultEXTI=GPIO_MODE_IT_RISING_FALLING
PC1.GPIO_PuPd=GPIO_PULLDOWN
PC1.Locked=true
PC1.Signal=GPXTI1
PC10.GPIOParameters=GPIO_Label
PC10.GPIO_Label=USER_LED4
PC10.Locked=true
PC10.Signal=GPIO_Output
PC11.GPIOParameters=GPIO_Label
PC11.GPIO_Label=BT_RX
PC11.Locked=true
PC11.Mode=Asynchronous
PC11.Signal=USART3_RX
PC12.GPIOParameters=GPIO_Label
PC12.GPIO_Label=R_FORWARD
PC12.Locked=true
PC12.Signal=S_TIM14_CH1
PC13.GPIOParameters=GPIO_PuPd,GPIO_Label
PC13.GPIO_Label=BTN_GAME_STATUS
PC13.GPIO_PuPd=GPIO_PULLDOWN
PC13.Locked=true
PC13.Signal=GPXTI13
PC14-OSC32_IN\ (PC14).GPIOParameters=GPIO_PuPd,GPIO_Label
PC14-OSC32_IN\ (PC14).GPIO_Label=BTN_GAME_START
PC14-OSC32_IN\ (PC14).GPIO_PuPd=GPIO_PULLDOWN
PC14-OSC32_IN\ (PC14).Locked=true
PC14-OSC32_IN\ (PC14).Signal=GPXTI14
PC2.GPIOParameters=GPIO_PuPd,GPIO_Label,GPIO_ModeDefaultEXTI
PC2.GPIO_Label=BBD_EXTI
PC2.GPIO_ModeDefaultEXTI=GPIO_MODE_IT_RISING_FALLING
PC2.GPIO_PuPd=GPIO_PULLDOWN
PC2.Locked=true
PC2.Signal=GPXTI2
PC4.GPIOParameters=GPIO_Label
PC4.GPIO_Label=LIDAR_TX
PC4.Locked=true
PC4.Mode=Asynchronous
PC4.Signal=USART1_TX
PC5.GPIOParameters=GPIO_Label
PC5.GPIO_Label=LIDAR_RX
PC5.Locked=true
PC5.Mode=Asynchronous
PC5.Signal=USART1_RX
PC6.GPIOParameters=GPIO_Label
PC6.GPIO_Label=LIDAR_EN
PC6.Locked=true
PC6.Signal=GPIO_Output
PC7.GPIOParameters=GPIO_Label
PC7.GPIO_Label=LIDAR_RANGING_EN
PC7.Locked=true
PC7.Signal=GPIO_Output
PD0.GPIOParameters=GPIO_Label
PD0.GPIO_Label=L_REVERSE
PD0.Locked=true
PD0.Signal=S_TIM16_CH1
PD1.GPIOParameters=GPIO_Label
PD1.GPIO_Label=R_REVERSE
PD1.Locked=true
PD1.Signal=S_TIM17_CH1
PD3.GPIOParameters=GPIO_Label
PD3.GPIO_Label=IMU_INT1
PD3.Locked=true
PD3.Signal=GPXTI3
PD4.GPIOParameters=GPIO_Label
PD4.GPIO_Label=IMU_INT2
PD4.Locked=true
PD4.Signal=GPXTI4
PD5.GPIOParameters=GPIO_Label
PD5.GPIO_Label=IMU_SPI_SDO
PD5.Locked=true
PD5.Mode=Full_Duplex_Master
PD5.Signal=SPI1_MISO
PD6.GPIOParameters=GPIO_Label
PD6.GPIO_Label=IMU_SPI_SDI
PD6.Locked=true
PD6.Mode=Full_Duplex_Master
PD6.Signal=SPI1_MOSI
PF0-OSC_IN\ (PF0).Mode=HSE-External-Oscillator
PF0-OSC_IN\ (PF0).Signal=RCC_OSC_IN
PF1-OSC_OUT\ (PF1).Mode=HSE-External-Oscillator
PF1-OSC_OUT\ (PF1).Signal=RCC_OSC_OUT
PinOutPanel.RotationAngle=0
ProjectManager.AskForMigrate=true
ProjectManager.BackupPrevious=false
ProjectManager.CompilerOptimize=6
ProjectManager.ComputerToolchain=false
ProjectManager.CoupleFile=true
ProjectManager.CustomerFirmwarePackage=
ProjectManager.DefaultFWLocation=true
ProjectManager.DeletePrevious=true
ProjectManager.DeviceId=STM32G070RBTx
ProjectManager.FirmwarePackage=STM32Cube FW_G0 V1.6.1
ProjectManager.FreePins=false
ProjectManager.HalAssertFull=false
ProjectManager.HeapSize=0x200
ProjectManager.KeepUserCode=true
ProjectManager.LastFirmware=false
ProjectManager.LibraryCopy=1
ProjectManager.MainLocation=Core/Src
ProjectManager.NoMain=false
ProjectManager.PreviousToolchain=
ProjectManager.ProjectBuild=false
ProjectManager.ProjectFileName=robot_chat_soft.ioc
ProjectManager.ProjectName=robot_chat_soft
ProjectManager.ProjectStructure=
ProjectManager.RegisterCallBack=
ProjectManager.StackSize=0x400
ProjectManager.TargetToolchain=STM32CubeIDE
ProjectManager.ToolChainLocation=
ProjectManager.UAScriptAfterPath=
ProjectManager.UAScriptBeforePath=
ProjectManager.UnderRoot=true
ProjectManager.functionlistsort=1-SystemClock_Config-RCC-false-HAL-false,2-MX_GPIO_Init-GPIO-false-HAL-true,3-MX_DMA_Init-DMA-false-HAL-true,4-MX_ADC1_Init-ADC1-false-HAL-true,5-MX_TIM1_Init-TIM1-false-HAL-true,6-MX_TIM3_Init-TIM3-false-HAL-true,7-MX_TIM14_Init-TIM14-false-HAL-true,8-MX_TIM15_Init-TIM15-false-HAL-true,9-MX_TIM16_Init-TIM16-false-HAL-true,10-MX_TIM17_Init-TIM17-false-HAL-true,11-MX_SPI1_Init-SPI1-false-HAL-true,12-MX_USART1_UART_Init-USART1-false-HAL-true,13-MX_USART2_UART_Init-USART2-false-HAL-true,14-MX_USART3_UART_Init-USART3-false-HAL-true,15-MX_TIM7_Init-TIM7-false-HAL-true,16-MX_WWDG_Init-WWDG-false-HAL-true
RCC.ADCFreq_Value=64000000
RCC.AHBFreq_Value=64000000
RCC.APBFreq_Value=64000000
RCC.APBTimFreq_Value=64000000
RCC.CortexFreq_Value=64000000
RCC.EXTERNAL_CLOCK_VALUE=48000
RCC.FCLKCortexFreq_Value=64000000
RCC.FamilyName=M
RCC.HCLKFreq_Value=64000000
RCC.HSE_VALUE=16000000
RCC.HSI_VALUE=16000000
RCC.I2C1Freq_Value=64000000
RCC.I2S1Freq_Value=64000000
RCC.IPParameters=ADCFreq_Value,AHBFreq_Value,APBFreq_Value,APBTimFreq_Value,CortexFreq_Value,EXTERNAL_CLOCK_VALUE,FCLKCortexFreq_Value,FamilyName,HCLKFreq_Value,HSE_VALUE,HSI_VALUE,I2C1Freq_Value,I2S1Freq_Value,LSCOPinFreq_Value,LSE_VALUE,LSI_VALUE,MCO1PinFreq_Value,PLLPoutputFreq_Value,PLLRCLKFreq_Value,PLLSourceVirtual,PWRFreq_Value,SYSCLKFreq_VALUE,SYSCLKSource,USART1Freq_Value,USART2Freq_Value,VCOInputFreq_Value,VCOOutputFreq_Value
RCC.LSCOPinFreq_Value=32000
RCC.LSE_VALUE=32768
RCC.LSI_VALUE=32000
RCC.MCO1PinFreq_Value=64000000
RCC.PLLPoutputFreq_Value=64000000
RCC.PLLRCLKFreq_Value=64000000
RCC.PLLSourceVirtual=RCC_PLLSOURCE_HSE
RCC.PWRFreq_Value=64000000
RCC.SYSCLKFreq_VALUE=64000000
RCC.SYSCLKSource=RCC_SYSCLKSOURCE_PLLCLK
RCC.USART1Freq_Value=64000000
RCC.USART2Freq_Value=64000000
RCC.VCOInputFreq_Value=16000000
RCC.VCOOutputFreq_Value=128000000
SH.GPXTI0.0=GPIO_EXTI0
SH.GPXTI0.ConfNb=1
SH.GPXTI1.0=GPIO_EXTI1
SH.GPXTI1.ConfNb=1
SH.GPXTI13.0=GPIO_EXTI13
SH.GPXTI13.ConfNb=1
SH.GPXTI14.0=GPIO_EXTI14
SH.GPXTI14.ConfNb=1
SH.GPXTI2.0=GPIO_EXTI2
SH.GPXTI2.ConfNb=1
SH.GPXTI3.0=GPIO_EXTI3
SH.GPXTI3.ConfNb=1
SH.GPXTI4.0=GPIO_EXTI4
SH.GPXTI4.ConfNb=1
SH.S_TIM14_CH1.0=TIM14_CH1,PWM Generation1 CH1
SH.S_TIM14_CH1.ConfNb=1
SH.S_TIM15_CH1.0=TIM15_CH1,PWM Generation1 CH1
SH.S_TIM15_CH1.ConfNb=1
SH.S_TIM15_CH2.0=TIM15_CH2,PWM Generation2 CH2
SH.S_TIM15_CH2.ConfNb=1
SH.S_TIM16_CH1.0=TIM16_CH1,PWM Generation1 CH1
SH.S_TIM16_CH1.ConfNb=1
SH.S_TIM17_CH1.0=TIM17_CH1,PWM Generation1 CH1
SH.S_TIM17_CH1.ConfNb=1
SH.S_TIM1_CH1.0=TIM1_CH1,Encoder_Interface
SH.S_TIM1_CH1.ConfNb=1
SH.S_TIM1_CH2.0=TIM1_CH2,Encoder_Interface
SH.S_TIM1_CH2.ConfNb=1
SH.S_TIM3_CH1.0=TIM3_CH1,Encoder_Interface
SH.S_TIM3_CH1.ConfNb=1
SH.S_TIM3_CH2.0=TIM3_CH2,Encoder_Interface
SH.S_TIM3_CH2.ConfNb=1
SPI1.BaudRatePrescaler=SPI_BAUDRATEPRESCALER_64
SPI1.CalculateBaudRate=1000.0 KBits/s
SPI1.DataSize=SPI_DATASIZE_8BIT
SPI1.Direction=SPI_DIRECTION_2LINES
SPI1.IPParameters=VirtualType,Mode,Direction,CalculateBaudRate,DataSize,BaudRatePrescaler
SPI1.Mode=SPI_MODE_MASTER
SPI1.VirtualType=VM_MASTER
TIM1.CounterMode=TIM_COUNTERMODE_UP
TIM1.EncoderMode=TIM_ENCODERMODE_TI12
TIM1.IC1Polarity=TIM_ICPOLARITY_RISING
TIM1.IPParameters=CounterMode,IC1Polarity,EncoderMode
TIM14.Channel=TIM_CHANNEL_1
TIM14.IPParameters=Channel,Prescaler,Period
TIM14.Period=1023
TIM14.Prescaler=2
TIM15.Channel-PWM\ Generation1\ CH1=TIM_CHANNEL_1
TIM15.Channel-PWM\ Generation2\ CH2=TIM_CHANNEL_2
TIM15.IPParameters=Period,Prescaler,Channel-PWM Generation1 CH1,Channel-PWM Generation2 CH2,TIM_MasterOutputTrigger
TIM15.Period=1023
TIM15.Prescaler=2
TIM15.TIM_MasterOutputTrigger=TIM_TRGO_UPDATE
TIM16.Channel=TIM_CHANNEL_1
TIM16.IPParameters=Channel,Prescaler,Period
TIM16.Period=1023
TIM16.Prescaler=2
TIM17.Channel=TIM_CHANNEL_1
TIM17.IPParameters=Channel,Prescaler,Period
TIM17.Period=1023
TIM17.Prescaler=2
TIM3.CounterMode=TIM_COUNTERMODE_UP
TIM3.EncoderMode=TIM_ENCODERMODE_TI12
TIM3.IC1Polarity=TIM_ICPOLARITY_RISING
TIM3.IC2Polarity=TIM_ICPOLARITY_RISING
TIM3.IPParameters=CounterMode,EncoderMode,IC2Polarity,IC1Polarity
TIM7.IPParameters=Prescaler,Period
TIM7.Period=1000
TIM7.Prescaler=64000
USART1.BaudRate=128000
USART1.IPParameters=VirtualMode-Asynchronous,BaudRate,SwapParam
USART1.SwapParam=ADVFEATURE_SWAP_ENABLE
USART1.VirtualMode-Asynchronous=VM_ASYNC
USART2.BaudRate=38400
USART2.IPParameters=VirtualMode-Asynchronous,BaudRate
USART2.VirtualMode-Asynchronous=VM_ASYNC
USART3.BaudRate=38400
USART3.IPParameters=VirtualMode-Asynchronous,BaudRate,SwapParam
USART3.SwapParam=ADVFEATURE_SWAP_ENABLE
USART3.VirtualMode-Asynchronous=VM_ASYNC
VP_FREERTOS_VS_CMSIS_V1.Mode=CMSIS_V1
VP_FREERTOS_VS_CMSIS_V1.Signal=FREERTOS_VS_CMSIS_V1
VP_SYS_VS_tim6.Mode=TIM6
VP_SYS_VS_tim6.Signal=SYS_VS_tim6
VP_TIM14_VS_ClockSourceINT.Mode=Enable_Timer
VP_TIM14_VS_ClockSourceINT.Signal=TIM14_VS_ClockSourceINT
VP_TIM15_VS_ClockSourceINT.Mode=Internal
VP_TIM15_VS_ClockSourceINT.Signal=TIM15_VS_ClockSourceINT
VP_TIM16_VS_ClockSourceINT.Mode=Enable_Timer
VP_TIM16_VS_ClockSourceINT.Signal=TIM16_VS_ClockSourceINT
VP_TIM17_VS_ClockSourceINT.Mode=Enable_Timer
VP_TIM17_VS_ClockSourceINT.Signal=TIM17_VS_ClockSourceINT
VP_TIM7_VS_ClockSourceINT.Mode=Enable_Timer
VP_TIM7_VS_ClockSourceINT.Signal=TIM7_VS_ClockSourceINT
board=custom
rtos.0.ip=FREERTOS
isbadioc=false
